
Microsoft Visual Studio Solution File, Format Version 12.00
# Visual Studio Version 17
VisualStudioVersion = 17.0.32126.317
MinimumVisualStudioVersion = 10.0.40219.1
Project("{9A19103F-16F7-4668-BE54-9A1E7A4F7556}") = "App.EndPoint.MVC.UI", "App.EndPoint.MVC.UI\App.EndPoint.MVC.UI.csproj", "{9D8144F4-8557-4AD0-BAA8-5C57F8471C46}"
EndProject
Project("{2150E333-8FDC-42A3-9474-1A3956D46DE8}") = "SRC", "SRC", "{E5214F01-CA0C-41C0-BC99-6C3652D8776B}"
EndProject
Project("{2150E333-8FDC-42A3-9474-1A3956D46DE8}") = "01-Domain", "01-Domain", "{EB313539-710A-4E2C-9175-7A3585F61917}"
EndProject
Project("{2150E333-8FDC-42A3-9474-1A3956D46DE8}") = "02-Infrastructure", "02-Infrastructure", "{E1469871-9842-4301-AD5E-08379599C2D1}"
EndProject
Project("{2150E333-8FDC-42A3-9474-1A3956D46DE8}") = "03-EndPoints", "03-EndPoints", "{3CC7CEBB-74C0-4FF3-94A8-8061D4698E6D}"
EndProject
Project("{2150E333-8FDC-42A3-9474-1A3956D46DE8}") = "Core", "Core", "{F2FCF515-486D-45AB-9F84-0C99581E0920}"
EndProject
Project("{2150E333-8FDC-42A3-9474-1A3956D46DE8}") = "Services", "Services", "{5143969A-9950-4AB1-BA85-E7A05D0AEF23}"
EndProject
Project("{9A19103F-16F7-4668-BE54-9A1E7A4F7556}") = "App.Domain.Core", "App.Domain.Core\App.Domain.Core.csproj", "{90FB1E19-6215-4D96-BA8F-A0836EA53A70}"
EndProject
Project("{9A19103F-16F7-4668-BE54-9A1E7A4F7556}") = "App.Domain.Services", "App.Domain.Services\App.Domain.Services.csproj", "{22F34369-044B-43F9-AFFF-6BB48DF1968A}"
EndProject
Project("{9A19103F-16F7-4668-BE54-9A1E7A4F7556}") = "App.Domain.AppServices", "App.Domain.AppServices\App.Domain.AppServices.csproj", "{787E8D7D-EA5F-4CAA-8F00-A21CEE916FC1}"
EndProject
Project("{9A19103F-16F7-4668-BE54-9A1E7A4F7556}") = "App.Infrastructure.DataBase.SqlServer", "App.Infrastructure.DataBase.SqlServer\App.Infrastructure.DataBase.SqlServer.csproj", "{2AFE038A-A07E-4B1E-94F6-64198B5BB5DD}"
EndProject
Project("{9A19103F-16F7-4668-BE54-9A1E7A4F7556}") = "App.Infrastructure.DataBase.Repositories.EF", "App.Infrastructure.DataBase.Repositories.EF\App.Infrastructure.DataBase.Repositories.EF.csproj", "{F6D0A344-92FB-430A-B21C-2672319542C2}"
EndProject
Global
	GlobalSection(SolutionConfigurationPlatforms) = preSolution
		Debug|Any CPU = Debug|Any CPU
		Release|Any CPU = Release|Any CPU
	EndGlobalSection
	GlobalSection(ProjectConfigurationPlatforms) = postSolution
		{9D8144F4-8557-4AD0-BAA8-5C57F8471C46}.Debug|Any CPU.ActiveCfg = Debug|Any CPU
		{9D8144F4-8557-4AD0-BAA8-5C57F8471C46}.Debug|Any CPU.Build.0 = Debug|Any CPU
		{9D8144F4-8557-4AD0-BAA8-5C57F8471C46}.Release|Any CPU.ActiveCfg = Release|Any CPU
		{9D8144F4-8557-4AD0-BAA8-5C57F8471C46}.Release|Any CPU.Build.0 = Release|Any CPU
		{90FB1E19-6215-4D96-BA8F-A0836EA53A70}.Debug|Any CPU.ActiveCfg = Debug|Any CPU
		{90FB1E19-6215-4D96-BA8F-A0836EA53A70}.Debug|Any CPU.Build.0 = Debug|Any CPU
		{90FB1E19-6215-4D96-BA8F-A0836EA53A70}.Release|Any CPU.ActiveCfg = Release|Any CPU
		{90FB1E19-6215-4D96-BA8F-A0836EA53A70}.Release|Any CPU.Build.0 = Release|Any CPU
		{22F34369-044B-43F9-AFFF-6BB48DF1968A}.Debug|Any CPU.ActiveCfg = Debug|Any CPU
		{22F34369-044B-43F9-AFFF-6BB48DF1968A}.Debug|Any CPU.Build.0 = Debug|Any CPU
		{22F34369-044B-43F9-AFFF-6BB48DF1968A}.Release|Any CPU.ActiveCfg = Release|Any CPU
		{22F34369-044B-43F9-AFFF-6BB48DF1968A}.Release|Any CPU.Build.0 = Release|Any CPU
		{787E8D7D-EA5F-4CAA-8F00-A21CEE916FC1}.Debug|Any CPU.ActiveCfg = Debug|Any CPU
		{787E8D7D-EA5F-4CAA-8F00-A21CEE916FC1}.Debug|Any CPU.Build.0 = Debug|Any CPU
		{787E8D7D-EA5F-4CAA-8F00-A21CEE916FC1}.Release|Any CPU.ActiveCfg = Release|Any CPU
		{787E8D7D-EA5F-4CAA-8F00-A21CEE916FC1}.Release|Any CPU.Build.0 = Release|Any CPU
		{2AFE038A-A07E-4B1E-94F6-64198B5BB5DD}.Debug|Any CPU.ActiveCfg = Debug|Any CPU
		{2AFE038A-A07E-4B1E-94F6-64198B5BB5DD}.Debug|Any CPU.Build.0 = Debug|Any CPU
		{2AFE038A-A07E-4B1E-94F6-64198B5BB5DD}.Release|Any CPU.ActiveCfg = Release|Any CPU
		{2AFE038A-A07E-4B1E-94F6-64198B5BB5DD}.Release|Any CPU.Build.0 = Release|Any CPU
		{F6D0A344-92FB-430A-B21C-2672319542C2}.Debug|Any CPU.ActiveCfg = Debug|Any CPU
		{F6D0A344-92FB-430A-B21C-2672319542C2}.Debug|Any CPU.Build.0 = Debug|Any CPU
		{F6D0A344-92FB-430A-B21C-2672319542C2}.Release|Any CPU.ActiveCfg = Release|Any CPU
		{F6D0A344-92FB-430A-B21C-2672319542C2}.Release|Any CPU.Build.0 = Release|Any CPU
	EndGlobalSection
	GlobalSection(SolutionProperties) = preSolution
		HideSolutionNode = FALSE
	EndGlobalSection
	GlobalSection(NestedProjects) = preSolution
		{9D8144F4-8557-4AD0-BAA8-5C57F8471C46} = {3CC7CEBB-74C0-4FF3-94A8-8061D4698E6D}
		{EB313539-710A-4E2C-9175-7A3585F61917} = {E5214F01-CA0C-41C0-BC99-6C3652D8776B}
		{E1469871-9842-4301-AD5E-08379599C2D1} = {E5214F01-CA0C-41C0-BC99-6C3652D8776B}
		{3CC7CEBB-74C0-4FF3-94A8-8061D4698E6D} = {E5214F01-CA0C-41C0-BC99-6C3652D8776B}
		{F2FCF515-486D-45AB-9F84-0C99581E0920} = {EB313539-710A-4E2C-9175-7A3585F61917}
		{5143969A-9950-4AB1-BA85-E7A05D0AEF23} = {EB313539-710A-4E2C-9175-7A3585F61917}
		{90FB1E19-6215-4D96-BA8F-A0836EA53A70} = {F2FCF515-486D-45AB-9F84-0C99581E0920}
		{22F34369-044B-43F9-AFFF-6BB48DF1968A} = {5143969A-9950-4AB1-BA85-E7A05D0AEF23}
		{787E8D7D-EA5F-4CAA-8F00-A21CEE916FC1} = {5143969A-9950-4AB1-BA85-E7A05D0AEF23}
		{2AFE038A-A07E-4B1E-94F6-64198B5BB5DD} = {E1469871-9842-4301-AD5E-08379599C2D1}
		{F6D0A344-92FB-430A-B21C-2672319542C2} = {E1469871-9842-4301-AD5E-08379599C2D1}
	EndGlobalSection
	GlobalSection(ExtensibilityGlobals) = postSolution
		SolutionGuid = {C21A7192-6D40-4166-A80E-073E2ACA3541}
	EndGlobalSection
EndGlobal
